
Microsoft Visual Studio Solution File, Format Version 12.00
# Visual Studio Version 17
VisualStudioVersion = 17.8.34227.203
MinimumVisualStudioVersion = 10.0.40219.1
Project("{2150E333-8FDC-42A3-9474-1A3956D46DE8}") = "FrontEnd", "FrontEnd", "{6FCE5EA3-5F45-487C-8B76-70D361DE214B}"
EndProject
Project("{2150E333-8FDC-42A3-9474-1A3956D46DE8}") = "Gateway", "Gateway", "{0508FA30-94CD-43DD-BAF4-E3D194279C90}"
EndProject
Project("{2150E333-8FDC-42A3-9474-1A3956D46DE8}") = "Integration", "Integration", "{34921330-6CE2-4D9E-BE29-940D34F7A116}"
EndProject
Project("{2150E333-8FDC-42A3-9474-1A3956D46DE8}") = "Services", "Services", "{50C8A9AB-6F47-401A-BB7B-F32547C4043A}"
EndProject
Project("{9A19103F-16F7-4668-BE54-9A1E7A4F7556}") = "Mango.Services.CouponAPI", "Mango.Services.CouponAPI\Mango.Services.CouponAPI.csproj", "{5F031D09-880D-468E-B264-1DD7D5824D89}"
EndProject
Project("{9A19103F-16F7-4668-BE54-9A1E7A4F7556}") = "Mango.Web", "Mango.Web\Mango.Web.csproj", "{98E2E0DF-3FEE-46C9-9029-0E6D06CCE150}"
EndProject
Project("{9A19103F-16F7-4668-BE54-9A1E7A4F7556}") = "Mango.Services.AuthAPI", "Mango.Services.AuthAPI\Mango.Services.AuthAPI.csproj", "{707BE940-3C1B-466E-8037-27C04DB7825F}"
EndProject
Project("{9A19103F-16F7-4668-BE54-9A1E7A4F7556}") = "Mango.Services.ProductAPI", "Mango.Services.ProductAPI\Mango.Services.ProductAPI.csproj", "{952383B7-12A1-48AD-A53B-FE3F87F4596D}"
EndProject
Global
	GlobalSection(SolutionConfigurationPlatforms) = preSolution
		Debug|Any CPU = Debug|Any CPU
		Release|Any CPU = Release|Any CPU
	EndGlobalSection
	GlobalSection(ProjectConfigurationPlatforms) = postSolution
		{5F031D09-880D-468E-B264-1DD7D5824D89}.Debug|Any CPU.ActiveCfg = Debug|Any CPU
		{5F031D09-880D-468E-B264-1DD7D5824D89}.Debug|Any CPU.Build.0 = Debug|Any CPU
		{5F031D09-880D-468E-B264-1DD7D5824D89}.Release|Any CPU.ActiveCfg = Release|Any CPU
		{5F031D09-880D-468E-B264-1DD7D5824D89}.Release|Any CPU.Build.0 = Release|Any CPU
		{98E2E0DF-3FEE-46C9-9029-0E6D06CCE150}.Debug|Any CPU.ActiveCfg = Debug|Any CPU
		{98E2E0DF-3FEE-46C9-9029-0E6D06CCE150}.Debug|Any CPU.Build.0 = Debug|Any CPU
		{98E2E0DF-3FEE-46C9-9029-0E6D06CCE150}.Release|Any CPU.ActiveCfg = Release|Any CPU
		{98E2E0DF-3FEE-46C9-9029-0E6D06CCE150}.Release|Any CPU.Build.0 = Release|Any CPU
		{707BE940-3C1B-466E-8037-27C04DB7825F}.Debug|Any CPU.ActiveCfg = Debug|Any CPU
		{707BE940-3C1B-466E-8037-27C04DB7825F}.Debug|Any CPU.Build.0 = Debug|Any CPU
		{707BE940-3C1B-466E-8037-27C04DB7825F}.Release|Any CPU.ActiveCfg = Release|Any CPU
		{707BE940-3C1B-466E-8037-27C04DB7825F}.Release|Any CPU.Build.0 = Release|Any CPU
		{952383B7-12A1-48AD-A53B-FE3F87F4596D}.Debug|Any CPU.ActiveCfg = Debug|Any CPU
		{952383B7-12A1-48AD-A53B-FE3F87F4596D}.Debug|Any CPU.Build.0 = Debug|Any CPU
		{952383B7-12A1-48AD-A53B-FE3F87F4596D}.Release|Any CPU.ActiveCfg = Release|Any CPU
		{952383B7-12A1-48AD-A53B-FE3F87F4596D}.Release|Any CPU.Build.0 = Release|Any CPU
	EndGlobalSection
	GlobalSection(SolutionProperties) = preSolution
		HideSolutionNode = FALSE
	EndGlobalSection
	GlobalSection(NestedProjects) = preSolution
		{5F031D09-880D-468E-B264-1DD7D5824D89} = {50C8A9AB-6F47-401A-BB7B-F32547C4043A}
		{98E2E0DF-3FEE-46C9-9029-0E6D06CCE150} = {6FCE5EA3-5F45-487C-8B76-70D361DE214B}
		{707BE940-3C1B-466E-8037-27C04DB7825F} = {50C8A9AB-6F47-401A-BB7B-F32547C4043A}
		{952383B7-12A1-48AD-A53B-FE3F87F4596D} = {50C8A9AB-6F47-401A-BB7B-F32547C4043A}
	EndGlobalSection
	GlobalSection(ExtensibilityGlobals) = postSolution
		SolutionGuid = {3E5BD5D9-B628-457A-9082-87D7FB334FB3}
	EndGlobalSection
EndGlobal
